// !$*UTF8*$!
{
	archiveVersion = 1;
	classes = {
	};
	objectVersion = 77;
	objects = {

/* Begin PBXBuildFile section */
		CE3BADE02E6729C200D400E7 /* ContentView.swift in Sources */ = {isa = PBXBuildFile; fileRef = CE3BADD92E6729C200D400E7 /* ContentView.swift */; };
		CE3BADE12E6729C200D400E7 /* Persistence.swift in Sources */ = {isa = PBXBuildFile; fileRef = CE3BADDA2E6729C200D400E7 /* Persistence.swift */; };
		CE3BADE22E6729C200D400E7 /* WeatherNotes.xcdatamodeld in Sources */ = {isa = PBXBuildFile; fileRef = CE3BADDC2E6729C200D400E7 /* WeatherNotes.xcdatamodeld */; };
		CE3BADE32E6729C200D400E7 /* WeatherNotesApp.swift in Sources */ = {isa = PBXBuildFile; fileRef = CE3BADDD2E6729C200D400E7 /* WeatherNotesApp.swift */; };
		CE3BADE42E6729C200D400E7 /* Assets.xcassets in Resources */ = {isa = PBXBuildFile; fileRef = CE3BADD82E6729C200D400E7 /* Assets.xcassets */; };
		CE3BADE52E6729C200D400E7 /* Secrets.plist in Resources */ = {isa = PBXBuildFile; fileRef = CE3BADDB2E6729C200D400E7 /* Secrets.plist */; };
		CE3BADF12E676D1000D400E7 /* NotesViewModel.swift in Sources */ = {isa = PBXBuildFile; fileRef = CE3BADF02E676D1000D400E7 /* NotesViewModel.swift */; };
		CE3BADF32E67749D00D400E7 /* LocationManager.swift in Sources */ = {isa = PBXBuildFile; fileRef = CE3BADF22E67749700D400E7 /* LocationManager.swift */; };
		CE3BADF72E67750200D400E7 /* WeatherService.swift in Sources */ = {isa = PBXBuildFile; fileRef = CE3BADF62E6774FE00D400E7 /* WeatherService.swift */; };
		CE3BADFA2E67966B00D400E7 /* AddNoteSheetView.swift in Sources */ = {isa = PBXBuildFile; fileRef = CE3BADF92E67966800D400E7 /* AddNoteSheetView.swift */; };
		CE3BADFC2E681B0500D400E7 /* NoteDetailView.swift in Sources */ = {isa = PBXBuildFile; fileRef = CE3BADFB2E681AF800D400E7 /* NoteDetailView.swift */; };
		CE3BADFE2E68241100D400E7 /* Formatters.swift in Sources */ = {isa = PBXBuildFile; fileRef = CE3BADFD2E68240D00D400E7 /* Formatters.swift */; };
/* End PBXBuildFile section */

/* Begin PBXFileReference section */
		CE3BADBF2E670FB200D400E7 /* WeatherNotes.app */ = {isa = PBXFileReference; explicitFileType = wrapper.application; includeInIndex = 0; path = WeatherNotes.app; sourceTree = BUILT_PRODUCTS_DIR; };
		CE3BADD82E6729C200D400E7 /* Assets.xcassets */ = {isa = PBXFileReference; lastKnownFileType = folder.assetcatalog; path = Assets.xcassets; sourceTree = "<group>"; };
		CE3BADD92E6729C200D400E7 /* ContentView.swift */ = {isa = PBXFileReference; lastKnownFileType = sourcecode.swift; path = ContentView.swift; sourceTree = "<group>"; };
		CE3BADDA2E6729C200D400E7 /* Persistence.swift */ = {isa = PBXFileReference; lastKnownFileType = sourcecode.swift; path = Persistence.swift; sourceTree = "<group>"; };
		CE3BADDB2E6729C200D400E7 /* Secrets.plist */ = {isa = PBXFileReference; lastKnownFileType = text.plist.xml; path = Secrets.plist; sourceTree = "<group>"; };
		CE3BADDD2E6729C200D400E7 /* WeatherNotesApp.swift */ = {isa = PBXFileReference; lastKnownFileType = sourcecode.swift; path = WeatherNotesApp.swift; sourceTree = "<group>"; };
		CE3BADDF2E6729C200D400E7 /* WeatherNotes.xcdatamodel */ = {isa = PBXFileReference; lastKnownFileType = wrapper.xcdatamodel; path = WeatherNotes.xcdatamodel; sourceTree = "<group>"; };
		CE3BADF02E676D1000D400E7 /* NotesViewModel.swift */ = {isa = PBXFileReference; lastKnownFileType = sourcecode.swift; path = NotesViewModel.swift; sourceTree = "<group>"; };
		CE3BADF22E67749700D400E7 /* LocationManager.swift */ = {isa = PBXFileReference; lastKnownFileType = sourcecode.swift; path = LocationManager.swift; sourceTree = "<group>"; };
		CE3BADF62E6774FE00D400E7 /* WeatherService.swift */ = {isa = PBXFileReference; lastKnownFileType = sourcecode.swift; path = WeatherService.swift; sourceTree = "<group>"; };
		CE3BADF82E677AA100D400E7 /* Info.plist */ = {isa = PBXFileReference; lastKnownFileType = text.plist.xml; path = Info.plist; sourceTree = "<group>"; };
		CE3BADF92E67966800D400E7 /* AddNoteSheetView.swift */ = {isa = PBXFileReference; lastKnownFileType = sourcecode.swift; path = AddNoteSheetView.swift; sourceTree = "<group>"; };
		CE3BADFB2E681AF800D400E7 /* NoteDetailView.swift */ = {isa = PBXFileReference; lastKnownFileType = sourcecode.swift; path = NoteDetailView.swift; sourceTree = "<group>"; };
		CE3BADFD2E68240D00D400E7 /* Formatters.swift */ = {isa = PBXFileReference; lastKnownFileType = sourcecode.swift; path = Formatters.swift; sourceTree = "<group>"; };
/* End PBXFileReference section */

/* Begin PBXFrameworksBuildPhase section */
		CE3BADBC2E670FB200D400E7 /* Frameworks */ = {
			isa = PBXFrameworksBuildPhase;
			buildActionMask = 2147483647;
			files = (
			);
			runOnlyForDeploymentPostprocessing = 0;
		};
/* End PBXFrameworksBuildPhase section */

/* Begin PBXGroup section */
		CE3BADB62E670FB200D400E7 = {
			isa = PBXGroup;
			children = (
				CE3BADDE2E6729C200D400E7 /* WeatherNotes */,
				CE3BADC02E670FB200D400E7 /* Products */,
			);
			sourceTree = "<group>";
		};
		CE3BADC02E670FB200D400E7 /* Products */ = {
			isa = PBXGroup;
			children = (
				CE3BADBF2E670FB200D400E7 /* WeatherNotes.app */,
			);
			name = Products;
			sourceTree = "<group>";
		};
		CE3BADDE2E6729C200D400E7 /* WeatherNotes */ = {
			isa = PBXGroup;
			children = (
				CE3BADE62E6729CE00D400E7 /* Models */,
				CE3BADE82E672A7D00D400E7 /* Views */,
				CE3BADE72E6729DF00D400E7 /* ViewModels */,
				CE3BADE92E672AA100D400E7 /* Services */,
				CE3BADDD2E6729C200D400E7 /* WeatherNotesApp.swift */,
				CE3BADDA2E6729C200D400E7 /* Persistence.swift */,
				CE3BADDC2E6729C200D400E7 /* WeatherNotes.xcdatamodeld */,
				CE3BADDB2E6729C200D400E7 /* Secrets.plist */,
				CE3BADF82E677AA100D400E7 /* Info.plist */,
				CE3BADD82E6729C200D400E7 /* Assets.xcassets */,
			);
			path = WeatherNotes;
			sourceTree = "<group>";
		};
		CE3BADE62E6729CE00D400E7 /* Models */ = {
			isa = PBXGroup;
			children = (
				CE3BADFD2E68240D00D400E7 /* Formatters.swift */,
			);
			path = Models;
			sourceTree = "<group>";
		};
		CE3BADE72E6729DF00D400E7 /* ViewModels */ = {
			isa = PBXGroup;
			children = (
				CE3BADF02E676D1000D400E7 /* NotesViewModel.swift */,
			);
			path = ViewModels;
			sourceTree = "<group>";
		};
		CE3BADE82E672A7D00D400E7 /* Views */ = {
			isa = PBXGroup;
			children = (
				CE3BADFB2E681AF800D400E7 /* NoteDetailView.swift */,
				CE3BADF92E67966800D400E7 /* AddNoteSheetView.swift */,
				CE3BADD92E6729C200D400E7 /* ContentView.swift */,
			);
			path = Views;
			sourceTree = "<group>";
		};
		CE3BADE92E672AA100D400E7 /* Services */ = {
			isa = PBXGroup;
			children = (
				CE3BADF22E67749700D400E7 /* LocationManager.swift */,
				CE3BADF62E6774FE00D400E7 /* WeatherService.swift */,
			);
			path = Services;
			sourceTree = "<group>";
		};
/* End PBXGroup section */

/* Begin PBXNativeTarget section */
		CE3BADBE2E670FB200D400E7 /* WeatherNotes */ = {
			isa = PBXNativeTarget;
			buildConfigurationList = CE3BADCF2E670FB600D400E7 /* Build configuration list for PBXNativeTarget "WeatherNotes" */;
			buildPhases = (
				CE3BADBB2E670FB200D400E7 /* Sources */,
				CE3BADBC2E670FB200D400E7 /* Frameworks */,
				CE3BADBD2E670FB200D400E7 /* Resources */,
			);
			buildRules = (
			);
			dependencies = (
			);
			name = WeatherNotes;
			packageProductDependencies = (
			);
			productName = WeatherNotes;
			productReference = CE3BADBF2E670FB200D400E7 /* WeatherNotes.app */;
			productType = "com.apple.product-type.application";
		};
/* End PBXNativeTarget section */

/* Begin PBXProject section */
		CE3BADB72E670FB200D400E7 /* Project object */ = {
			isa = PBXProject;
			attributes = {
				BuildIndependentTargetsInParallel = 1;
				LastSwiftUpdateCheck = 1640;
				LastUpgradeCheck = 1640;
				TargetAttributes = {
					CE3BADBE2E670FB200D400E7 = {
						CreatedOnToolsVersion = 16.4;
					};
				};
			};
			buildConfigurationList = CE3BADBA2E670FB200D400E7 /* Build configuration list for PBXProject "WeatherNotes" */;
			developmentRegion = en;
			hasScannedForEncodings = 0;
			knownRegions = (
				en,
				Base,
			);
			mainGroup = CE3BADB62E670FB200D400E7;
			minimizedProjectReferenceProxies = 1;
			preferredProjectObjectVersion = 77;
			productRefGroup = CE3BADC02E670FB200D400E7 /* Products */;
			projectDirPath = "";
			projectRoot = "";
			targets = (
				CE3BADBE2E670FB200D400E7 /* WeatherNotes */,
			);
		};
/* End PBXProject section */

/* Begin PBXResourcesBuildPhase section */
		CE3BADBD2E670FB200D400E7 /* Resources */ = {
			isa = PBXResourcesBuildPhase;
			buildActionMask = 2147483647;
			files = (
				CE3BADE42E6729C200D400E7 /* Assets.xcassets in Resources */,
				CE3BADE52E6729C200D400E7 /* Secrets.plist in Resources */,
			);
			runOnlyForDeploymentPostprocessing = 0;
		};
/* End PBXResourcesBuildPhase section */

/* Begin PBXSourcesBuildPhase section */
		CE3BADBB2E670FB200D400E7 /* Sources */ = {
			isa = PBXSourcesBuildPhase;
			buildActionMask = 2147483647;
			files = (
				CE3BADFC2E681B0500D400E7 /* NoteDetailView.swift in Sources */,
				CE3BADE02E6729C200D400E7 /* ContentView.swift in Sources */,
				CE3BADF12E676D1000D400E7 /* NotesViewModel.swift in Sources */,
				CE3BADF32E67749D00D400E7 /* LocationManager.swift in Sources */,
				CE3BADE12E6729C200D400E7 /* Persistence.swift in Sources */,
				CE3BADFA2E67966B00D400E7 /* AddNoteSheetView.swift in Sources */,
				CE3BADE22E6729C200D400E7 /* WeatherNotes.xcdatamodeld in Sources */,
				CE3BADE32E6729C200D400E7 /* WeatherNotesApp.swift in Sources */,
				CE3BADFE2E68241100D400E7 /* Formatters.swift in Sources */,
				CE3BADF72E67750200D400E7 /* WeatherService.swift in Sources */,
			);
			runOnlyForDeploymentPostprocessing = 0;
		};
/* End PBXSourcesBuildPhase section */

/* Begin XCBuildConfiguration section */
		CE3BADCD2E670FB600D400E7 /* Debug */ = {
			isa = XCBuildConfiguration;
			buildSettings = {
				ALWAYS_SEARCH_USER_PATHS = NO;
				ASSETCATALOG_COMPILER_GENERATE_SWIFT_ASSET_SYMBOL_EXTENSIONS = YES;
				CLANG_ANALYZER_NONNULL = YES;
				CLANG_ANALYZER_NUMBER_OBJECT_CONVERSION = YES_AGGRESSIVE;
				CLANG_CXX_LANGUAGE_STANDARD = "gnu++20";
				CLANG_ENABLE_MODULES = YES;
				CLANG_ENABLE_OBJC_ARC = YES;
				CLANG_ENABLE_OBJC_WEAK = YES;
				CLANG_WARN_BLOCK_CAPTURE_AUTORELEASING = YES;
				CLANG_WARN_BOOL_CONVERSION = YES;
				CLANG_WARN_COMMA = YES;
				CLANG_WARN_CONSTANT_CONVERSION = YES;
				CLANG_WARN_DEPRECATED_OBJC_IMPLEMENTATIONS = YES;
				CLANG_WARN_DIRECT_OBJC_ISA_USAGE = YES_ERROR;
				CLANG_WARN_DOCUMENTATION_COMMENTS = YES;
				CLANG_WARN_EMPTY_BODY = YES;
				CLANG_WARN_ENUM_CONVERSION = YES;
				CLANG_WARN_INFINITE_RECURSION = YES;
				CLANG_WARN_INT_CONVERSION = YES;
				CLANG_WARN_NON_LITERAL_NULL_CONVERSION = YES;
				CLANG_WARN_OBJC_IMPLICIT_RETAIN_SELF = YES;
				CLANG_WARN_OBJC_LITERAL_CONVERSION = YES;
				CLANG_WARN_OBJC_ROOT_CLASS = YES_ERROR;
				CLANG_WARN_QUOTED_INCLUDE_IN_FRAMEWORK_HEADER = YES;
				CLANG_WARN_RANGE_LOOP_ANALYSIS = YES;
				CLANG_WARN_STRICT_PROTOTYPES = YES;
				CLANG_WARN_SUSPICIOUS_MOVE = YES;
				CLANG_WARN_UNGUARDED_AVAILABILITY = YES_AGGRESSIVE;
				CLANG_WARN_UNREACHABLE_CODE = YES;
				CLANG_WARN__DUPLICATE_METHOD_MATCH = YES;
				COPY_PHASE_STRIP = NO;
				DEBUG_INFORMATION_FORMAT = dwarf;
				DEVELOPMENT_TEAM = 94PAS7HRP9;
				ENABLE_STRICT_OBJC_MSGSEND = YES;
				ENABLE_TESTABILITY = YES;
				ENABLE_USER_SCRIPT_SANDBOXING = YES;
				GCC_C_LANGUAGE_STANDARD = gnu17;
				GCC_DYNAMIC_NO_PIC = NO;
				GCC_NO_COMMON_BLOCKS = YES;
				GCC_OPTIMIZATION_LEVEL = 0;
				GCC_PREPROCESSOR_DEFINITIONS = (
					"DEBUG=1",
					"$(inherited)",
				);
				GCC_WARN_64_TO_32_BIT_CONVERSION = YES;
				GCC_WARN_ABOUT_RETURN_TYPE = YES_ERROR;
				GCC_WARN_UNDECLARED_SELECTOR = YES;
				GCC_WARN_UNINITIALIZED_AUTOS = YES_AGGRESSIVE;
				GCC_WARN_UNUSED_FUNCTION = YES;
				GCC_WARN_UNUSED_VARIABLE = YES;
				IPHONEOS_DEPLOYMENT_TARGET = 18.5;
				LOCALIZATION_PREFERS_STRING_CATALOGS = YES;
				MTL_ENABLE_DEBUG_INFO = INCLUDE_SOURCE;
				MTL_FAST_MATH = YES;
				ONLY_ACTIVE_ARCH = YES;
				SDKROOT = iphoneos;
				SWIFT_ACTIVE_COMPILATION_CONDITIONS = "DEBUG $(inherited)";
				SWIFT_OPTIMIZATION_LEVEL = "-Onone";
			};
			name = Debug;
		};
		CE3BADCE2E670FB600D400E7 /* Release */ = {
			isa = XCBuildConfiguration;
			buildSettings = {
				ALWAYS_SEARCH_USER_PATHS = NO;
				ASSETCATALOG_COMPILER_GENERATE_SWIFT_ASSET_SYMBOL_EXTENSIONS = YES;
				CLANG_ANALYZER_NONNULL = YES;
				CLANG_ANALYZER_NUMBER_OBJECT_CONVERSION = YES_AGGRESSIVE;
				CLANG_CXX_LANGUAGE_STANDARD = "gnu++20";
				CLANG_ENABLE_MODULES = YES;
				CLANG_ENABLE_OBJC_ARC = YES;
				CLANG_ENABLE_OBJC_WEAK = YES;
				CLANG_WARN_BLOCK_CAPTURE_AUTORELEASING = YES;
				CLANG_WARN_BOOL_CONVERSION = YES;
				CLANG_WARN_COMMA = YES;
				CLANG_WARN_CONSTANT_CONVERSION = YES;
				CLANG_WARN_DEPRECATED_OBJC_IMPLEMENTATIONS = YES;
				CLANG_WARN_DIRECT_OBJC_ISA_USAGE = YES_ERROR;
				CLANG_WARN_DOCUMENTATION_COMMENTS = YES;
				CLANG_WARN_EMPTY_BODY = YES;
				CLANG_WARN_ENUM_CONVERSION = YES;
				CLANG_WARN_INFINITE_RECURSION = YES;
				CLANG_WARN_INT_CONVERSION = YES;
				CLANG_WARN_NON_LITERAL_NULL_CONVERSION = YES;
				CLANG_WARN_OBJC_IMPLICIT_RETAIN_SELF = YES;
				CLANG_WARN_OBJC_LITERAL_CONVERSION = YES;
				CLANG_WARN_OBJC_ROOT_CLASS = YES_ERROR;
				CLANG_WARN_QUOTED_INCLUDE_IN_FRAMEWORK_HEADER = YES;
				CLANG_WARN_RANGE_LOOP_ANALYSIS = YES;
				CLANG_WARN_STRICT_PROTOTYPES = YES;
				CLANG_WARN_SUSPICIOUS_MOVE = YES;
				CLANG_WARN_UNGUARDED_AVAILABILITY = YES_AGGRESSIVE;
				CLANG_WARN_UNREACHABLE_CODE = YES;
				CLANG_WARN__DUPLICATE_METHOD_MATCH = YES;
				COPY_PHASE_STRIP = NO;
				DEBUG_INFORMATION_FORMAT = "dwarf-with-dsym";
				DEVELOPMENT_TEAM = 94PAS7HRP9;
				ENABLE_NS_ASSERTIONS = NO;
				ENABLE_STRICT_OBJC_MSGSEND = YES;
				ENABLE_USER_SCRIPT_SANDBOXING = YES;
				GCC_C_LANGUAGE_STANDARD = gnu17;
				GCC_NO_COMMON_BLOCKS = YES;
				GCC_WARN_64_TO_32_BIT_CONVERSION = YES;
				GCC_WARN_ABOUT_RETURN_TYPE = YES_ERROR;
				GCC_WARN_UNDECLARED_SELECTOR = YES;
				GCC_WARN_UNINITIALIZED_AUTOS = YES_AGGRESSIVE;
				GCC_WARN_UNUSED_FUNCTION = YES;
				GCC_WARN_UNUSED_VARIABLE = YES;
				IPHONEOS_DEPLOYMENT_TARGET = 18.5;
				LOCALIZATION_PREFERS_STRING_CATALOGS = YES;
				MTL_ENABLE_DEBUG_INFO = NO;
				MTL_FAST_MATH = YES;
				SDKROOT = iphoneos;
				SWIFT_COMPILATION_MODE = wholemodule;
				VALIDATE_PRODUCT = YES;
			};
			name = Release;
		};
		CE3BADD02E670FB600D400E7 /* Debug */ = {
			isa = XCBuildConfiguration;
			buildSettings = {
				ASSETCATALOG_COMPILER_APPICON_NAME = AppIcon;
				ASSETCATALOG_COMPILER_GLOBAL_ACCENT_COLOR_NAME = AccentColor;
				CODE_SIGN_STYLE = Automatic;
				CURRENT_PROJECT_VERSION = 1;
				DEVELOPMENT_TEAM = 94PAS7HRP9;
				ENABLE_PREVIEWS = YES;
				GENERATE_INFOPLIST_FILE = YES;
				INFOPLIST_FILE = WeatherNotes/Info.plist;
				INFOPLIST_KEY_NSLocationWhenInUseUsageDescription = "We need your location to fetch the current weather for your notes.";
				INFOPLIST_KEY_UIApplicationSceneManifest_Generation = YES;
				INFOPLIST_KEY_UIApplicationSupportsIndirectInputEvents = YES;
				INFOPLIST_KEY_UILaunchScreen_Generation = YES;
				INFOPLIST_KEY_UISupportedInterfaceOrientations_iPad = "UIInterfaceOrientationPortrait UIInterfaceOrientationPortraitUpsideDown UIInterfaceOrientationLandscapeLeft UIInterfaceOrientationLandscapeRight";
				INFOPLIST_KEY_UISupportedInterfaceOrientations_iPhone = "UIInterfaceOrientationPortrait UIInterfaceOrientationLandscapeLeft UIInterfaceOrientationLandscapeRight";
				LD_RUNPATH_SEARCH_PATHS = (
					"$(inherited)",
					"@executable_path/Frameworks",
				);
				MARKETING_VERSION = 1.0;
				PRODUCT_BUNDLE_IDENTIFIER = Misha.WeatherNotes;
				PRODUCT_NAME = "$(TARGET_NAME)";
				SWIFT_EMIT_LOC_STRINGS = YES;
				SWIFT_VERSION = 5.0;
				TARGETED_DEVICE_FAMILY = "1,2";
			};
			name = Debug;
		};
		CE3BADD12E670FB600D400E7 /* Release */ = {
			isa = XCBuildConfiguration;
			buildSettings = {
				ASSETCATALOG_COMPILER_APPICON_NAME = AppIcon;
				ASSETCATALOG_COMPILER_GLOBAL_ACCENT_COLOR_NAME = AccentColor;
				CODE_SIGN_STYLE = Automatic;
				CURRENT_PROJECT_VERSION = 1;
				DEVELOPMENT_TEAM = 94PAS7HRP9;
				ENABLE_PREVIEWS = YES;
				GENERATE_INFOPLIST_FILE = YES;
				INFOPLIST_FILE = WeatherNotes/Info.plist;
				INFOPLIST_KEY_NSLocationWhenInUseUsageDescription = "We need your location to fetch the current weather for your notes.";
				INFOPLIST_KEY_UIApplicationSceneManifest_Generation = YES;
				INFOPLIST_KEY_UIApplicationSupportsIndirectInputEvents = YES;
				INFOPLIST_KEY_UILaunchScreen_Generation = YES;
				INFOPLIST_KEY_UISupportedInterfaceOrientations_iPad = "UIInterfaceOrientationPortrait UIInterfaceOrientationPortraitUpsideDown UIInterfaceOrientationLandscapeLeft UIInterfaceOrientationLandscapeRight";
				INFOPLIST_KEY_UISupportedInterfaceOrientations_iPhone = "UIInterfaceOrientationPortrait UIInterfaceOrientationLandscapeLeft UIInterfaceOrientationLandscapeRight";
				LD_RUNPATH_SEARCH_PATHS = (
					"$(inherited)",
					"@executable_path/Frameworks",
				);
				MARKETING_VERSION = 1.0;
				PRODUCT_BUNDLE_IDENTIFIER = Misha.WeatherNotes;
				PRODUCT_NAME = "$(TARGET_NAME)";
				SWIFT_EMIT_LOC_STRINGS = YES;
				SWIFT_VERSION = 5.0;
				TARGETED_DEVICE_FAMILY = "1,2";
			};
			name = Release;
		};
/* End XCBuildConfiguration section */

/* Begin XCConfigurationList section */
		CE3BADBA2E670FB200D400E7 /* Build configuration list for PBXProject "WeatherNotes" */ = {
			isa = XCConfigurationList;
			buildConfigurations = (
				CE3BADCD2E670FB600D400E7 /* Debug */,
				CE3BADCE2E670FB600D400E7 /* Release */,
			);
			defaultConfigurationIsVisible = 0;
			defaultConfigurationName = Release;
		};
		CE3BADCF2E670FB600D400E7 /* Build configuration list for PBXNativeTarget "WeatherNotes" */ = {
			isa = XCConfigurationList;
			buildConfigurations = (
				CE3BADD02E670FB600D400E7 /* Debug */,
				CE3BADD12E670FB600D400E7 /* Release */,
			);
			defaultConfigurationIsVisible = 0;
			defaultConfigurationName = Release;
		};
/* End XCConfigurationList section */

/* Begin XCVersionGroup section */
		CE3BADDC2E6729C200D400E7 /* WeatherNotes.xcdatamodeld */ = {
			isa = XCVersionGroup;
			children = (
				CE3BADDF2E6729C200D400E7 /* WeatherNotes.xcdatamodel */,
			);
			currentVersion = CE3BADDF2E6729C200D400E7 /* WeatherNotes.xcdatamodel */;
			path = WeatherNotes.xcdatamodeld;
			sourceTree = "<group>";
			versionGroupType = wrapper.xcdatamodel;
		};
/* End XCVersionGroup section */
	};
	rootObject = CE3BADB72E670FB200D400E7 /* Project object */;
}
